
Microsoft Visual Studio Solution File, Format Version 12.00
# Visual Studio Version 17
VisualStudioVersion = 17.8.34525.116
MinimumVisualStudioVersion = 10.0.40219.1
Project("{9A19103F-16F7-4668-BE54-9A1E7A4F7556}") = "MassTransitMQ", "MassTransitMQ.csproj", "{592A24A1-8792-4FDB-8B2D-F03A7A0E0F05}"
EndProject
Global
	GlobalSection(SolutionConfigurationPlatforms) = preSolution
		Debug|Any CPU = Debug|Any CPU
		Release|Any CPU = Release|Any CPU
	EndGlobalSection
	GlobalSection(ProjectConfigurationPlatforms) = postSolution
		{592A24A1-8792-4FDB-8B2D-F03A7A0E0F05}.Debug|Any CPU.ActiveCfg = Debug|Any CPU
		{592A24A1-8792-4FDB-8B2D-F03A7A0E0F05}.Debug|Any CPU.Build.0 = Debug|Any CPU
		{592A24A1-8792-4FDB-8B2D-F03A7A0E0F05}.Release|Any CPU.ActiveCfg = Release|Any CPU
		{592A24A1-8792-4FDB-8B2D-F03A7A0E0F05}.Release|Any CPU.Build.0 = Release|Any CPU
	EndGlobalSection
	GlobalSection(SolutionProperties) = preSolution
		HideSolutionNode = FALSE
	EndGlobalSection
	GlobalSection(ExtensibilityGlobals) = postSolution
		SolutionGuid = {D7AA5F2C-75E5-4695-B6ED-592A309A2ED1}
	EndGlobalSection
EndGlobal
